
Microsoft Visual Studio Solution File, Format Version 12.00
# Visual Studio 14
VisualStudioVersion = 14.0.25420.1
MinimumVisualStudioVersion = 14.0.23107.0
Project("{2150E333-8FDC-42A3-9474-1A3956D46DE8}") = "TilemapTools.Xenko", "TilemapTools.Xenko", "{FB29AE63-5448-4151-A0DB-49A1A90F4EFA}"
	ProjectSection(SiliconStudioPackage) = preProject
		TilemapTools.Xenko/TilemapTools.Xenko.xkpkg = TilemapTools.Xenko/TilemapTools.Xenko.xkpkg
	EndProjectSection
EndProject
Project("{FAE04EC0-301F-11D3-BF4B-00C04F79EFBC}") = "TilemapTools.Xenko", "TilemapTools.Xenko\TilemapTools.Xenko\TilemapTools.Xenko.csproj", "{43D47B0A-C7B2-4C02-BB45-6A5115174528}"
EndProject
Project("{2150E333-8FDC-42A3-9474-1A3956D46DE8}") = "TilemapTools.Demo", "TilemapTools.Demo", "{BC2662C7-A144-4742-B021-290747E184B1}"
	ProjectSection(SiliconStudioPackage) = preProject
		TilemapTools.Demo/TilemapTools.Demo.xkpkg = TilemapTools.Demo/TilemapTools.Demo.xkpkg
	EndProjectSection
EndProject
Project("{FAE04EC0-301F-11D3-BF4B-00C04F79EFBC}") = "TilemapTools.Demo.Windows", "TilemapTools.Demo\TilemapTools.Demo.Windows\TilemapTools.Demo.Windows.csproj", "{664C4D09-1C6D-4299-82E9-99B4D401E0D9}"
EndProject
Project("{FAE04EC0-301F-11D3-BF4B-00C04F79EFBC}") = "TilemapTools.Demo.Game", "TilemapTools.Demo\TilemapTools.Demo.Game\TilemapTools.Demo.Game.csproj", "{1FC5E44A-AE49-4D33-B727-2685E07B1280}"
EndProject
Project("{FAE04EC0-301F-11D3-BF4B-00C04F79EFBC}") = "TilemapTools.Xenko.Offline", "TilemapTools.Xenko\TilemapTools.Xenko.Offline\TilemapTools.Xenko.Offline.csproj", "{61CA7C15-8A9B-4DD1-8F97-9A7272399C30}"
EndProject
Project("{2150E333-8FDC-42A3-9474-1A3956D46DE8}") = "TilemapTools", "TilemapTools", "{5F321744-E8E9-4A30-88A2-8CCEF749616C}"
EndProject
Project("{FAE04EC0-301F-11D3-BF4B-00C04F79EFBC}") = "TilemapTools", "TilemapTools\TilemapTools.csproj", "{5D50018D-5369-411A-9EDB-55F0F273746B}"
EndProject
Project("{FAE04EC0-301F-11D3-BF4B-00C04F79EFBC}") = "TilemapTools.Tests", "TilemapTools.Tests\TilemapTools.Tests.csproj", "{26CA4831-50B1-46D5-8DE5-448E94FA14C5}"
EndProject
Project("{2150E333-8FDC-42A3-9474-1A3956D46DE8}") = "Docs", "Docs", "{87358F9F-6563-4BC6-9352-D05AD338CE62}"
	ProjectSection(SolutionItems) = preProject
		..\Docs\Design Options.md = ..\Docs\Design Options.md
		..\README.md = ..\README.md
	EndProjectSection
EndProject
Global
	GlobalSection(SolutionConfigurationPlatforms) = preSolution
		AppStore|Any CPU = AppStore|Any CPU
		AppStore|Mixed Platforms = AppStore|Mixed Platforms
		AppStore|Windows = AppStore|Windows
		CoreCLR_Debug|Any CPU = CoreCLR_Debug|Any CPU
		CoreCLR_Debug|Mixed Platforms = CoreCLR_Debug|Mixed Platforms
		CoreCLR_Debug|Windows = CoreCLR_Debug|Windows
		CoreCLR_Release|Any CPU = CoreCLR_Release|Any CPU
		CoreCLR_Release|Mixed Platforms = CoreCLR_Release|Mixed Platforms
		CoreCLR_Release|Windows = CoreCLR_Release|Windows
		Debug|Any CPU = Debug|Any CPU
		Debug|Mixed Platforms = Debug|Mixed Platforms
		Debug|Windows = Debug|Windows
		Release|Any CPU = Release|Any CPU
		Release|Mixed Platforms = Release|Mixed Platforms
		Release|Windows = Release|Windows
		Testing|Any CPU = Testing|Any CPU
		Testing|Mixed Platforms = Testing|Mixed Platforms
		Testing|Windows = Testing|Windows
	EndGlobalSection
	GlobalSection(ProjectConfigurationPlatforms) = postSolution
		{43D47B0A-C7B2-4C02-BB45-6A5115174528}.AppStore|Any CPU.ActiveCfg = AppStore|Any CPU
		{43D47B0A-C7B2-4C02-BB45-6A5115174528}.AppStore|Any CPU.Build.0 = AppStore|Any CPU
		{43D47B0A-C7B2-4C02-BB45-6A5115174528}.AppStore|Mixed Platforms.ActiveCfg = AppStore|Any CPU
		{43D47B0A-C7B2-4C02-BB45-6A5115174528}.AppStore|Mixed Platforms.Build.0 = AppStore|Any CPU
		{43D47B0A-C7B2-4C02-BB45-6A5115174528}.AppStore|Windows.ActiveCfg = AppStore|Any CPU
		{43D47B0A-C7B2-4C02-BB45-6A5115174528}.AppStore|Windows.Build.0 = AppStore|Any CPU
		{43D47B0A-C7B2-4C02-BB45-6A5115174528}.CoreCLR_Debug|Any CPU.ActiveCfg = CoreCLR_Debug|Any CPU
		{43D47B0A-C7B2-4C02-BB45-6A5115174528}.CoreCLR_Debug|Any CPU.Build.0 = CoreCLR_Debug|Any CPU
		{43D47B0A-C7B2-4C02-BB45-6A5115174528}.CoreCLR_Debug|Mixed Platforms.ActiveCfg = CoreCLR_Debug|Any CPU
		{43D47B0A-C7B2-4C02-BB45-6A5115174528}.CoreCLR_Debug|Mixed Platforms.Build.0 = CoreCLR_Debug|Any CPU
		{43D47B0A-C7B2-4C02-BB45-6A5115174528}.CoreCLR_Debug|Windows.ActiveCfg = CoreCLR_Debug|Any CPU
		{43D47B0A-C7B2-4C02-BB45-6A5115174528}.CoreCLR_Debug|Windows.Build.0 = CoreCLR_Debug|Any CPU
		{43D47B0A-C7B2-4C02-BB45-6A5115174528}.CoreCLR_Release|Any CPU.ActiveCfg = CoreCLR_Release|Any CPU
		{43D47B0A-C7B2-4C02-BB45-6A5115174528}.CoreCLR_Release|Any CPU.Build.0 = CoreCLR_Release|Any CPU
		{43D47B0A-C7B2-4C02-BB45-6A5115174528}.CoreCLR_Release|Mixed Platforms.ActiveCfg = CoreCLR_Release|Any CPU
		{43D47B0A-C7B2-4C02-BB45-6A5115174528}.CoreCLR_Release|Mixed Platforms.Build.0 = CoreCLR_Release|Any CPU
		{43D47B0A-C7B2-4C02-BB45-6A5115174528}.CoreCLR_Release|Windows.ActiveCfg = CoreCLR_Release|Any CPU
		{43D47B0A-C7B2-4C02-BB45-6A5115174528}.CoreCLR_Release|Windows.Build.0 = CoreCLR_Release|Any CPU
		{43D47B0A-C7B2-4C02-BB45-6A5115174528}.Debug|Any CPU.ActiveCfg = Debug|Any CPU
		{43D47B0A-C7B2-4C02-BB45-6A5115174528}.Debug|Any CPU.Build.0 = Debug|Any CPU
		{43D47B0A-C7B2-4C02-BB45-6A5115174528}.Debug|Mixed Platforms.ActiveCfg = Debug|Any CPU
		{43D47B0A-C7B2-4C02-BB45-6A5115174528}.Debug|Mixed Platforms.Build.0 = Debug|Any CPU
		{43D47B0A-C7B2-4C02-BB45-6A5115174528}.Debug|Windows.ActiveCfg = Debug|Any CPU
		{43D47B0A-C7B2-4C02-BB45-6A5115174528}.Debug|Windows.Build.0 = Debug|Any CPU
		{43D47B0A-C7B2-4C02-BB45-6A5115174528}.Release|Any CPU.ActiveCfg = Release|Any CPU
		{43D47B0A-C7B2-4C02-BB45-6A5115174528}.Release|Any CPU.Build.0 = Release|Any CPU
		{43D47B0A-C7B2-4C02-BB45-6A5115174528}.Release|Mixed Platforms.ActiveCfg = Release|Any CPU
		{43D47B0A-C7B2-4C02-BB45-6A5115174528}.Release|Mixed Platforms.Build.0 = Release|Any CPU
		{43D47B0A-C7B2-4C02-BB45-6A5115174528}.Release|Windows.ActiveCfg = Release|Any CPU
		{43D47B0A-C7B2-4C02-BB45-6A5115174528}.Release|Windows.Build.0 = Release|Any CPU
		{43D47B0A-C7B2-4C02-BB45-6A5115174528}.Testing|Any CPU.ActiveCfg = Testing|Any CPU
		{43D47B0A-C7B2-4C02-BB45-6A5115174528}.Testing|Any CPU.Build.0 = Testing|Any CPU
		{43D47B0A-C7B2-4C02-BB45-6A5115174528}.Testing|Mixed Platforms.ActiveCfg = Testing|Any CPU
		{43D47B0A-C7B2-4C02-BB45-6A5115174528}.Testing|Mixed Platforms.Build.0 = Testing|Any CPU
		{43D47B0A-C7B2-4C02-BB45-6A5115174528}.Testing|Windows.ActiveCfg = Testing|Any CPU
		{43D47B0A-C7B2-4C02-BB45-6A5115174528}.Testing|Windows.Build.0 = Testing|Any CPU
		{664C4D09-1C6D-4299-82E9-99B4D401E0D9}.AppStore|Any CPU.ActiveCfg = AppStore|Any CPU
		{664C4D09-1C6D-4299-82E9-99B4D401E0D9}.AppStore|Any CPU.Build.0 = AppStore|Any CPU
		{664C4D09-1C6D-4299-82E9-99B4D401E0D9}.AppStore|Any CPU.Deploy.0 = AppStore|Any CPU
		{664C4D09-1C6D-4299-82E9-99B4D401E0D9}.AppStore|Mixed Platforms.ActiveCfg = AppStore|Any CPU
		{664C4D09-1C6D-4299-82E9-99B4D401E0D9}.AppStore|Mixed Platforms.Build.0 = AppStore|Any CPU
		{664C4D09-1C6D-4299-82E9-99B4D401E0D9}.AppStore|Mixed Platforms.Deploy.0 = AppStore|Any CPU
		{664C4D09-1C6D-4299-82E9-99B4D401E0D9}.AppStore|Windows.ActiveCfg = AppStore|Any CPU
		{664C4D09-1C6D-4299-82E9-99B4D401E0D9}.AppStore|Windows.Build.0 = AppStore|Any CPU
		{664C4D09-1C6D-4299-82E9-99B4D401E0D9}.AppStore|Windows.Deploy.0 = AppStore|Any CPU
		{664C4D09-1C6D-4299-82E9-99B4D401E0D9}.CoreCLR_Debug|Any CPU.ActiveCfg = CoreCLR_Debug|Any CPU
		{664C4D09-1C6D-4299-82E9-99B4D401E0D9}.CoreCLR_Debug|Any CPU.Build.0 = CoreCLR_Debug|Any CPU
		{664C4D09-1C6D-4299-82E9-99B4D401E0D9}.CoreCLR_Debug|Any CPU.Deploy.0 = CoreCLR_Debug|Any CPU
		{664C4D09-1C6D-4299-82E9-99B4D401E0D9}.CoreCLR_Debug|Mixed Platforms.ActiveCfg = CoreCLR_Debug|Any CPU
		{664C4D09-1C6D-4299-82E9-99B4D401E0D9}.CoreCLR_Debug|Mixed Platforms.Build.0 = CoreCLR_Debug|Any CPU
		{664C4D09-1C6D-4299-82E9-99B4D401E0D9}.CoreCLR_Debug|Mixed Platforms.Deploy.0 = CoreCLR_Debug|Any CPU
		{664C4D09-1C6D-4299-82E9-99B4D401E0D9}.CoreCLR_Debug|Windows.ActiveCfg = CoreCLR_Debug|Any CPU
		{664C4D09-1C6D-4299-82E9-99B4D401E0D9}.CoreCLR_Debug|Windows.Build.0 = CoreCLR_Debug|Any CPU
		{664C4D09-1C6D-4299-82E9-99B4D401E0D9}.CoreCLR_Debug|Windows.Deploy.0 = CoreCLR_Debug|Any CPU
		{664C4D09-1C6D-4299-82E9-99B4D401E0D9}.CoreCLR_Release|Any CPU.ActiveCfg = CoreCLR_Release|Any CPU
		{664C4D09-1C6D-4299-82E9-99B4D401E0D9}.CoreCLR_Release|Any CPU.Build.0 = CoreCLR_Release|Any CPU
		{664C4D09-1C6D-4299-82E9-99B4D401E0D9}.CoreCLR_Release|Any CPU.Deploy.0 = CoreCLR_Release|Any CPU
		{664C4D09-1C6D-4299-82E9-99B4D401E0D9}.CoreCLR_Release|Mixed Platforms.ActiveCfg = CoreCLR_Release|Any CPU
		{664C4D09-1C6D-4299-82E9-99B4D401E0D9}.CoreCLR_Release|Mixed Platforms.Build.0 = CoreCLR_Release|Any CPU
		{664C4D09-1C6D-4299-82E9-99B4D401E0D9}.CoreCLR_Release|Mixed Platforms.Deploy.0 = CoreCLR_Release|Any CPU
		{664C4D09-1C6D-4299-82E9-99B4D401E0D9}.CoreCLR_Release|Windows.ActiveCfg = CoreCLR_Release|Any CPU
		{664C4D09-1C6D-4299-82E9-99B4D401E0D9}.CoreCLR_Release|Windows.Build.0 = CoreCLR_Release|Any CPU
		{664C4D09-1C6D-4299-82E9-99B4D401E0D9}.CoreCLR_Release|Windows.Deploy.0 = CoreCLR_Release|Any CPU
		{664C4D09-1C6D-4299-82E9-99B4D401E0D9}.Debug|Any CPU.ActiveCfg = Debug|Any CPU
		{664C4D09-1C6D-4299-82E9-99B4D401E0D9}.Debug|Any CPU.Build.0 = Debug|Any CPU
		{664C4D09-1C6D-4299-82E9-99B4D401E0D9}.Debug|Any CPU.Deploy.0 = Debug|Any CPU
		{664C4D09-1C6D-4299-82E9-99B4D401E0D9}.Debug|Mixed Platforms.ActiveCfg = Debug|Any CPU
		{664C4D09-1C6D-4299-82E9-99B4D401E0D9}.Debug|Mixed Platforms.Build.0 = Debug|Any CPU
		{664C4D09-1C6D-4299-82E9-99B4D401E0D9}.Debug|Mixed Platforms.Deploy.0 = Debug|Any CPU
		{664C4D09-1C6D-4299-82E9-99B4D401E0D9}.Debug|Windows.ActiveCfg = Debug|Any CPU
		{664C4D09-1C6D-4299-82E9-99B4D401E0D9}.Debug|Windows.Build.0 = Debug|Any CPU
		{664C4D09-1C6D-4299-82E9-99B4D401E0D9}.Debug|Windows.Deploy.0 = Debug|Any CPU
		{664C4D09-1C6D-4299-82E9-99B4D401E0D9}.Release|Any CPU.ActiveCfg = Release|Any CPU
		{664C4D09-1C6D-4299-82E9-99B4D401E0D9}.Release|Any CPU.Build.0 = Release|Any CPU
		{664C4D09-1C6D-4299-82E9-99B4D401E0D9}.Release|Any CPU.Deploy.0 = Release|Any CPU
		{664C4D09-1C6D-4299-82E9-99B4D401E0D9}.Release|Mixed Platforms.ActiveCfg = Release|Any CPU
		{664C4D09-1C6D-4299-82E9-99B4D401E0D9}.Release|Mixed Platforms.Build.0 = Release|Any CPU
		{664C4D09-1C6D-4299-82E9-99B4D401E0D9}.Release|Mixed Platforms.Deploy.0 = Release|Any CPU
		{664C4D09-1C6D-4299-82E9-99B4D401E0D9}.Release|Windows.ActiveCfg = Release|Any CPU
		{664C4D09-1C6D-4299-82E9-99B4D401E0D9}.Release|Windows.Build.0 = Release|Any CPU
		{664C4D09-1C6D-4299-82E9-99B4D401E0D9}.Release|Windows.Deploy.0 = Release|Any CPU
		{664C4D09-1C6D-4299-82E9-99B4D401E0D9}.Testing|Any CPU.ActiveCfg = Testing|Any CPU
		{664C4D09-1C6D-4299-82E9-99B4D401E0D9}.Testing|Any CPU.Build.0 = Testing|Any CPU
		{664C4D09-1C6D-4299-82E9-99B4D401E0D9}.Testing|Any CPU.Deploy.0 = Testing|Any CPU
		{664C4D09-1C6D-4299-82E9-99B4D401E0D9}.Testing|Mixed Platforms.ActiveCfg = Testing|Any CPU
		{664C4D09-1C6D-4299-82E9-99B4D401E0D9}.Testing|Mixed Platforms.Build.0 = Testing|Any CPU
		{664C4D09-1C6D-4299-82E9-99B4D401E0D9}.Testing|Mixed Platforms.Deploy.0 = Testing|Any CPU
		{664C4D09-1C6D-4299-82E9-99B4D401E0D9}.Testing|Windows.ActiveCfg = Testing|Any CPU
		{664C4D09-1C6D-4299-82E9-99B4D401E0D9}.Testing|Windows.Build.0 = Testing|Any CPU
		{664C4D09-1C6D-4299-82E9-99B4D401E0D9}.Testing|Windows.Deploy.0 = Testing|Any CPU
		{1FC5E44A-AE49-4D33-B727-2685E07B1280}.AppStore|Any CPU.ActiveCfg = AppStore|Any CPU
		{1FC5E44A-AE49-4D33-B727-2685E07B1280}.AppStore|Any CPU.Build.0 = AppStore|Any CPU
		{1FC5E44A-AE49-4D33-B727-2685E07B1280}.AppStore|Mixed Platforms.ActiveCfg = AppStore|Any CPU
		{1FC5E44A-AE49-4D33-B727-2685E07B1280}.AppStore|Mixed Platforms.Build.0 = AppStore|Any CPU
		{1FC5E44A-AE49-4D33-B727-2685E07B1280}.AppStore|Windows.ActiveCfg = AppStore|Any CPU
		{1FC5E44A-AE49-4D33-B727-2685E07B1280}.AppStore|Windows.Build.0 = AppStore|Any CPU
		{1FC5E44A-AE49-4D33-B727-2685E07B1280}.CoreCLR_Debug|Any CPU.ActiveCfg = CoreCLR_Debug|Any CPU
		{1FC5E44A-AE49-4D33-B727-2685E07B1280}.CoreCLR_Debug|Any CPU.Build.0 = CoreCLR_Debug|Any CPU
		{1FC5E44A-AE49-4D33-B727-2685E07B1280}.CoreCLR_Debug|Mixed Platforms.ActiveCfg = CoreCLR_Debug|Any CPU
		{1FC5E44A-AE49-4D33-B727-2685E07B1280}.CoreCLR_Debug|Mixed Platforms.Build.0 = CoreCLR_Debug|Any CPU
		{1FC5E44A-AE49-4D33-B727-2685E07B1280}.CoreCLR_Debug|Windows.ActiveCfg = CoreCLR_Debug|Any CPU
		{1FC5E44A-AE49-4D33-B727-2685E07B1280}.CoreCLR_Debug|Windows.Build.0 = CoreCLR_Debug|Any CPU
		{1FC5E44A-AE49-4D33-B727-2685E07B1280}.CoreCLR_Release|Any CPU.ActiveCfg = CoreCLR_Release|Any CPU
		{1FC5E44A-AE49-4D33-B727-2685E07B1280}.CoreCLR_Release|Any CPU.Build.0 = CoreCLR_Release|Any CPU
		{1FC5E44A-AE49-4D33-B727-2685E07B1280}.CoreCLR_Release|Mixed Platforms.ActiveCfg = CoreCLR_Release|Any CPU
		{1FC5E44A-AE49-4D33-B727-2685E07B1280}.CoreCLR_Release|Mixed Platforms.Build.0 = CoreCLR_Release|Any CPU
		{1FC5E44A-AE49-4D33-B727-2685E07B1280}.CoreCLR_Release|Windows.ActiveCfg = CoreCLR_Release|Any CPU
		{1FC5E44A-AE49-4D33-B727-2685E07B1280}.CoreCLR_Release|Windows.Build.0 = CoreCLR_Release|Any CPU
		{1FC5E44A-AE49-4D33-B727-2685E07B1280}.Debug|Any CPU.ActiveCfg = Debug|Any CPU
		{1FC5E44A-AE49-4D33-B727-2685E07B1280}.Debug|Any CPU.Build.0 = Debug|Any CPU
		{1FC5E44A-AE49-4D33-B727-2685E07B1280}.Debug|Mixed Platforms.ActiveCfg = Debug|Any CPU
		{1FC5E44A-AE49-4D33-B727-2685E07B1280}.Debug|Mixed Platforms.Build.0 = Debug|Any CPU
		{1FC5E44A-AE49-4D33-B727-2685E07B1280}.Debug|Windows.ActiveCfg = Debug|Any CPU
		{1FC5E44A-AE49-4D33-B727-2685E07B1280}.Debug|Windows.Build.0 = Debug|Any CPU
		{1FC5E44A-AE49-4D33-B727-2685E07B1280}.Release|Any CPU.ActiveCfg = Release|Any CPU
		{1FC5E44A-AE49-4D33-B727-2685E07B1280}.Release|Any CPU.Build.0 = Release|Any CPU
		{1FC5E44A-AE49-4D33-B727-2685E07B1280}.Release|Mixed Platforms.ActiveCfg = Release|Any CPU
		{1FC5E44A-AE49-4D33-B727-2685E07B1280}.Release|Mixed Platforms.Build.0 = Release|Any CPU
		{1FC5E44A-AE49-4D33-B727-2685E07B1280}.Release|Windows.ActiveCfg = Release|Any CPU
		{1FC5E44A-AE49-4D33-B727-2685E07B1280}.Release|Windows.Build.0 = Release|Any CPU
		{1FC5E44A-AE49-4D33-B727-2685E07B1280}.Testing|Any CPU.ActiveCfg = Testing|Any CPU
		{1FC5E44A-AE49-4D33-B727-2685E07B1280}.Testing|Any CPU.Build.0 = Testing|Any CPU
		{1FC5E44A-AE49-4D33-B727-2685E07B1280}.Testing|Mixed Platforms.ActiveCfg = Testing|Any CPU
		{1FC5E44A-AE49-4D33-B727-2685E07B1280}.Testing|Mixed Platforms.Build.0 = Testing|Any CPU
		{1FC5E44A-AE49-4D33-B727-2685E07B1280}.Testing|Windows.ActiveCfg = Testing|Any CPU
		{1FC5E44A-AE49-4D33-B727-2685E07B1280}.Testing|Windows.Build.0 = Testing|Any CPU
		{61CA7C15-8A9B-4DD1-8F97-9A7272399C30}.AppStore|Any CPU.ActiveCfg = AppStore|Any CPU
		{61CA7C15-8A9B-4DD1-8F97-9A7272399C30}.AppStore|Any CPU.Build.0 = AppStore|Any CPU
		{61CA7C15-8A9B-4DD1-8F97-9A7272399C30}.AppStore|Mixed Platforms.ActiveCfg = AppStore|Any CPU
		{61CA7C15-8A9B-4DD1-8F97-9A7272399C30}.AppStore|Mixed Platforms.Build.0 = AppStore|Any CPU
		{61CA7C15-8A9B-4DD1-8F97-9A7272399C30}.AppStore|Windows.ActiveCfg = AppStore|Any CPU
		{61CA7C15-8A9B-4DD1-8F97-9A7272399C30}.AppStore|Windows.Build.0 = AppStore|Any CPU
		{61CA7C15-8A9B-4DD1-8F97-9A7272399C30}.CoreCLR_Debug|Any CPU.ActiveCfg = CoreCLR_Debug|Any CPU
		{61CA7C15-8A9B-4DD1-8F97-9A7272399C30}.CoreCLR_Debug|Any CPU.Build.0 = CoreCLR_Debug|Any CPU
		{61CA7C15-8A9B-4DD1-8F97-9A7272399C30}.CoreCLR_Debug|Mixed Platforms.ActiveCfg = CoreCLR_Debug|Any CPU
		{61CA7C15-8A9B-4DD1-8F97-9A7272399C30}.CoreCLR_Debug|Mixed Platforms.Build.0 = CoreCLR_Debug|Any CPU
		{61CA7C15-8A9B-4DD1-8F97-9A7272399C30}.CoreCLR_Debug|Windows.ActiveCfg = CoreCLR_Debug|Any CPU
		{61CA7C15-8A9B-4DD1-8F97-9A7272399C30}.CoreCLR_Debug|Windows.Build.0 = CoreCLR_Debug|Any CPU
		{61CA7C15-8A9B-4DD1-8F97-9A7272399C30}.CoreCLR_Release|Any CPU.ActiveCfg = CoreCLR_Release|Any CPU
		{61CA7C15-8A9B-4DD1-8F97-9A7272399C30}.CoreCLR_Release|Any CPU.Build.0 = CoreCLR_Release|Any CPU
		{61CA7C15-8A9B-4DD1-8F97-9A7272399C30}.CoreCLR_Release|Mixed Platforms.ActiveCfg = CoreCLR_Release|Any CPU
		{61CA7C15-8A9B-4DD1-8F97-9A7272399C30}.CoreCLR_Release|Mixed Platforms.Build.0 = CoreCLR_Release|Any CPU
		{61CA7C15-8A9B-4DD1-8F97-9A7272399C30}.CoreCLR_Release|Windows.ActiveCfg = CoreCLR_Release|Any CPU
		{61CA7C15-8A9B-4DD1-8F97-9A7272399C30}.CoreCLR_Release|Windows.Build.0 = CoreCLR_Release|Any CPU
		{61CA7C15-8A9B-4DD1-8F97-9A7272399C30}.Debug|Any CPU.ActiveCfg = Debug|Any CPU
		{61CA7C15-8A9B-4DD1-8F97-9A7272399C30}.Debug|Any CPU.Build.0 = Debug|Any CPU
		{61CA7C15-8A9B-4DD1-8F97-9A7272399C30}.Debug|Mixed Platforms.ActiveCfg = Debug|Any CPU
		{61CA7C15-8A9B-4DD1-8F97-9A7272399C30}.Debug|Mixed Platforms.Build.0 = Debug|Any CPU
		{61CA7C15-8A9B-4DD1-8F97-9A7272399C30}.Debug|Windows.ActiveCfg = Debug|Any CPU
		{61CA7C15-8A9B-4DD1-8F97-9A7272399C30}.Debug|Windows.Build.0 = Debug|Any CPU
		{61CA7C15-8A9B-4DD1-8F97-9A7272399C30}.Release|Any CPU.ActiveCfg = Release|Any CPU
		{61CA7C15-8A9B-4DD1-8F97-9A7272399C30}.Release|Any CPU.Build.0 = Release|Any CPU
		{61CA7C15-8A9B-4DD1-8F97-9A7272399C30}.Release|Mixed Platforms.ActiveCfg = Release|Any CPU
		{61CA7C15-8A9B-4DD1-8F97-9A7272399C30}.Release|Mixed Platforms.Build.0 = Release|Any CPU
		{61CA7C15-8A9B-4DD1-8F97-9A7272399C30}.Release|Windows.ActiveCfg = Release|Any CPU
		{61CA7C15-8A9B-4DD1-8F97-9A7272399C30}.Release|Windows.Build.0 = Release|Any CPU
		{61CA7C15-8A9B-4DD1-8F97-9A7272399C30}.Testing|Any CPU.ActiveCfg = Testing|Any CPU
		{61CA7C15-8A9B-4DD1-8F97-9A7272399C30}.Testing|Any CPU.Build.0 = Testing|Any CPU
		{61CA7C15-8A9B-4DD1-8F97-9A7272399C30}.Testing|Mixed Platforms.ActiveCfg = Testing|Any CPU
		{61CA7C15-8A9B-4DD1-8F97-9A7272399C30}.Testing|Mixed Platforms.Build.0 = Testing|Any CPU
		{61CA7C15-8A9B-4DD1-8F97-9A7272399C30}.Testing|Windows.ActiveCfg = Testing|Any CPU
		{61CA7C15-8A9B-4DD1-8F97-9A7272399C30}.Testing|Windows.Build.0 = Testing|Any CPU
		{5D50018D-5369-411A-9EDB-55F0F273746B}.AppStore|Any CPU.ActiveCfg = Release|Any CPU
		{5D50018D-5369-411A-9EDB-55F0F273746B}.AppStore|Any CPU.Build.0 = Release|Any CPU
		{5D50018D-5369-411A-9EDB-55F0F273746B}.AppStore|Mixed Platforms.ActiveCfg = Release|Any CPU
		{5D50018D-5369-411A-9EDB-55F0F273746B}.AppStore|Mixed Platforms.Build.0 = Release|Any CPU
		{5D50018D-5369-411A-9EDB-55F0F273746B}.AppStore|Windows.ActiveCfg = Release|Any CPU
		{5D50018D-5369-411A-9EDB-55F0F273746B}.AppStore|Windows.Build.0 = Release|Any CPU
		{5D50018D-5369-411A-9EDB-55F0F273746B}.CoreCLR_Debug|Any CPU.ActiveCfg = Debug|Any CPU
		{5D50018D-5369-411A-9EDB-55F0F273746B}.CoreCLR_Debug|Any CPU.Build.0 = Debug|Any CPU
		{5D50018D-5369-411A-9EDB-55F0F273746B}.CoreCLR_Debug|Mixed Platforms.ActiveCfg = Debug|Any CPU
		{5D50018D-5369-411A-9EDB-55F0F273746B}.CoreCLR_Debug|Mixed Platforms.Build.0 = Debug|Any CPU
		{5D50018D-5369-411A-9EDB-55F0F273746B}.CoreCLR_Debug|Windows.ActiveCfg = Debug|Any CPU
		{5D50018D-5369-411A-9EDB-55F0F273746B}.CoreCLR_Debug|Windows.Build.0 = Debug|Any CPU
		{5D50018D-5369-411A-9EDB-55F0F273746B}.CoreCLR_Release|Any CPU.ActiveCfg = Release|Any CPU
		{5D50018D-5369-411A-9EDB-55F0F273746B}.CoreCLR_Release|Any CPU.Build.0 = Release|Any CPU
		{5D50018D-5369-411A-9EDB-55F0F273746B}.CoreCLR_Release|Mixed Platforms.ActiveCfg = Release|Any CPU
		{5D50018D-5369-411A-9EDB-55F0F273746B}.CoreCLR_Release|Mixed Platforms.Build.0 = Release|Any CPU
		{5D50018D-5369-411A-9EDB-55F0F273746B}.CoreCLR_Release|Windows.ActiveCfg = Release|Any CPU
		{5D50018D-5369-411A-9EDB-55F0F273746B}.CoreCLR_Release|Windows.Build.0 = Release|Any CPU
		{5D50018D-5369-411A-9EDB-55F0F273746B}.Debug|Any CPU.ActiveCfg = Debug|Any CPU
		{5D50018D-5369-411A-9EDB-55F0F273746B}.Debug|Any CPU.Build.0 = Debug|Any CPU
		{5D50018D-5369-411A-9EDB-55F0F273746B}.Debug|Mixed Platforms.ActiveCfg = Debug|Any CPU
		{5D50018D-5369-411A-9EDB-55F0F273746B}.Debug|Mixed Platforms.Build.0 = Debug|Any CPU
		{5D50018D-5369-411A-9EDB-55F0F273746B}.Debug|Windows.ActiveCfg = Debug|Any CPU
		{5D50018D-5369-411A-9EDB-55F0F273746B}.Debug|Windows.Build.0 = Debug|Any CPU
		{5D50018D-5369-411A-9EDB-55F0F273746B}.Release|Any CPU.ActiveCfg = Release|Any CPU
		{5D50018D-5369-411A-9EDB-55F0F273746B}.Release|Any CPU.Build.0 = Release|Any CPU
		{5D50018D-5369-411A-9EDB-55F0F273746B}.Release|Mixed Platforms.ActiveCfg = Release|Any CPU
		{5D50018D-5369-411A-9EDB-55F0F273746B}.Release|Mixed Platforms.Build.0 = Release|Any CPU
		{5D50018D-5369-411A-9EDB-55F0F273746B}.Release|Windows.ActiveCfg = Release|Any CPU
		{5D50018D-5369-411A-9EDB-55F0F273746B}.Release|Windows.Build.0 = Release|Any CPU
		{5D50018D-5369-411A-9EDB-55F0F273746B}.Testing|Any CPU.ActiveCfg = Release|Any CPU
		{5D50018D-5369-411A-9EDB-55F0F273746B}.Testing|Any CPU.Build.0 = Release|Any CPU
		{5D50018D-5369-411A-9EDB-55F0F273746B}.Testing|Mixed Platforms.ActiveCfg = Release|Any CPU
		{5D50018D-5369-411A-9EDB-55F0F273746B}.Testing|Mixed Platforms.Build.0 = Release|Any CPU
		{5D50018D-5369-411A-9EDB-55F0F273746B}.Testing|Windows.ActiveCfg = Release|Any CPU
		{5D50018D-5369-411A-9EDB-55F0F273746B}.Testing|Windows.Build.0 = Release|Any CPU
		{26CA4831-50B1-46D5-8DE5-448E94FA14C5}.AppStore|Any CPU.ActiveCfg = Release|Any CPU
		{26CA4831-50B1-46D5-8DE5-448E94FA14C5}.AppStore|Any CPU.Build.0 = Release|Any CPU
		{26CA4831-50B1-46D5-8DE5-448E94FA14C5}.AppStore|Mixed Platforms.ActiveCfg = Release|Any CPU
		{26CA4831-50B1-46D5-8DE5-448E94FA14C5}.AppStore|Mixed Platforms.Build.0 = Release|Any CPU
		{26CA4831-50B1-46D5-8DE5-448E94FA14C5}.AppStore|Windows.ActiveCfg = Release|Any CPU
		{26CA4831-50B1-46D5-8DE5-448E94FA14C5}.AppStore|Windows.Build.0 = Release|Any CPU
		{26CA4831-50B1-46D5-8DE5-448E94FA14C5}.CoreCLR_Debug|Any CPU.ActiveCfg = Debug|Any CPU
		{26CA4831-50B1-46D5-8DE5-448E94FA14C5}.CoreCLR_Debug|Any CPU.Build.0 = Debug|Any CPU
		{26CA4831-50B1-46D5-8DE5-448E94FA14C5}.CoreCLR_Debug|Mixed Platforms.ActiveCfg = Debug|Any CPU
		{26CA4831-50B1-46D5-8DE5-448E94FA14C5}.CoreCLR_Debug|Mixed Platforms.Build.0 = Debug|Any CPU
		{26CA4831-50B1-46D5-8DE5-448E94FA14C5}.CoreCLR_Debug|Windows.ActiveCfg = Debug|Any CPU
		{26CA4831-50B1-46D5-8DE5-448E94FA14C5}.CoreCLR_Debug|Windows.Build.0 = Debug|Any CPU
		{26CA4831-50B1-46D5-8DE5-448E94FA14C5}.CoreCLR_Release|Any CPU.ActiveCfg = Release|Any CPU
		{26CA4831-50B1-46D5-8DE5-448E94FA14C5}.CoreCLR_Release|Any CPU.Build.0 = Release|Any CPU
		{26CA4831-50B1-46D5-8DE5-448E94FA14C5}.CoreCLR_Release|Mixed Platforms.ActiveCfg = Release|Any CPU
		{26CA4831-50B1-46D5-8DE5-448E94FA14C5}.CoreCLR_Release|Mixed Platforms.Build.0 = Release|Any CPU
		{26CA4831-50B1-46D5-8DE5-448E94FA14C5}.CoreCLR_Release|Windows.ActiveCfg = Release|Any CPU
		{26CA4831-50B1-46D5-8DE5-448E94FA14C5}.CoreCLR_Release|Windows.Build.0 = Release|Any CPU
		{26CA4831-50B1-46D5-8DE5-448E94FA14C5}.Debug|Any CPU.ActiveCfg = Debug|Any CPU
		{26CA4831-50B1-46D5-8DE5-448E94FA14C5}.Debug|Any CPU.Build.0 = Debug|Any CPU
		{26CA4831-50B1-46D5-8DE5-448E94FA14C5}.Debug|Mixed Platforms.ActiveCfg = Debug|Any CPU
		{26CA4831-50B1-46D5-8DE5-448E94FA14C5}.Debug|Mixed Platforms.Build.0 = Debug|Any CPU
		{26CA4831-50B1-46D5-8DE5-448E94FA14C5}.Debug|Windows.ActiveCfg = Debug|Any CPU
		{26CA4831-50B1-46D5-8DE5-448E94FA14C5}.Debug|Windows.Build.0 = Debug|Any CPU
		{26CA4831-50B1-46D5-8DE5-448E94FA14C5}.Release|Any CPU.ActiveCfg = Release|Any CPU
		{26CA4831-50B1-46D5-8DE5-448E94FA14C5}.Release|Any CPU.Build.0 = Release|Any CPU
		{26CA4831-50B1-46D5-8DE5-448E94FA14C5}.Release|Mixed Platforms.ActiveCfg = Release|Any CPU
		{26CA4831-50B1-46D5-8DE5-448E94FA14C5}.Release|Mixed Platforms.Build.0 = Release|Any CPU
		{26CA4831-50B1-46D5-8DE5-448E94FA14C5}.Release|Windows.ActiveCfg = Release|Any CPU
		{26CA4831-50B1-46D5-8DE5-448E94FA14C5}.Release|Windows.Build.0 = Release|Any CPU
		{26CA4831-50B1-46D5-8DE5-448E94FA14C5}.Testing|Any CPU.ActiveCfg = Release|Any CPU
		{26CA4831-50B1-46D5-8DE5-448E94FA14C5}.Testing|Any CPU.Build.0 = Release|Any CPU
		{26CA4831-50B1-46D5-8DE5-448E94FA14C5}.Testing|Mixed Platforms.ActiveCfg = Release|Any CPU
		{26CA4831-50B1-46D5-8DE5-448E94FA14C5}.Testing|Mixed Platforms.Build.0 = Release|Any CPU
		{26CA4831-50B1-46D5-8DE5-448E94FA14C5}.Testing|Windows.ActiveCfg = Release|Any CPU
		{26CA4831-50B1-46D5-8DE5-448E94FA14C5}.Testing|Windows.Build.0 = Release|Any CPU
	EndGlobalSection
	GlobalSection(SolutionProperties) = preSolution
		HideSolutionNode = FALSE
	EndGlobalSection
	GlobalSection(NestedProjects) = preSolution
		{43D47B0A-C7B2-4C02-BB45-6A5115174528} = {FB29AE63-5448-4151-A0DB-49A1A90F4EFA}
		{664C4D09-1C6D-4299-82E9-99B4D401E0D9} = {BC2662C7-A144-4742-B021-290747E184B1}
		{1FC5E44A-AE49-4D33-B727-2685E07B1280} = {BC2662C7-A144-4742-B021-290747E184B1}
		{61CA7C15-8A9B-4DD1-8F97-9A7272399C30} = {FB29AE63-5448-4151-A0DB-49A1A90F4EFA}
		{5D50018D-5369-411A-9EDB-55F0F273746B} = {5F321744-E8E9-4A30-88A2-8CCEF749616C}
		{26CA4831-50B1-46D5-8DE5-448E94FA14C5} = {5F321744-E8E9-4A30-88A2-8CCEF749616C}
	EndGlobalSection
EndGlobal
