
Microsoft Visual Studio Solution File, Format Version 12.00
# Visual Studio 14
VisualStudioVersion = 14.0.25420.1
MinimumVisualStudioVersion = 10.0.40219.1
Project("{FAE04EC0-301F-11D3-BF4B-00C04F79EFBC}") = "TilemapTools", "TilemapTools\TilemapTools.csproj", "{A3654FC8-1510-450A-9F3B-AFF0E0226EB8}"
EndProject
Project("{FAE04EC0-301F-11D3-BF4B-00C04F79EFBC}") = "TilemapTools.Xenko", "TilemapTools.Xenko\TilemapTools.Xenko.csproj", "{2EC3775D-5F84-495C-A728-FAFA23518CE7}"
EndProject
Project("{FAE04EC0-301F-11D3-BF4B-00C04F79EFBC}") = "TilemapTools.Tests", "TilemapTools.Tests\TilemapTools.Tests.csproj", "{D537FCCC-5880-4AD4-B79C-F5D50EF2F872}"
	ProjectSection(ProjectDependencies) = postProject
		{A3654FC8-1510-450A-9F3B-AFF0E0226EB8} = {A3654FC8-1510-450A-9F3B-AFF0E0226EB8}
	EndProjectSection
EndProject
Global
	GlobalSection(SolutionConfigurationPlatforms) = preSolution
		AppStore|Android = AppStore|Android
		AppStore|Any CPU = AppStore|Any CPU
		AppStore|iPhone = AppStore|iPhone
		AppStore|iPhoneSimulator = AppStore|iPhoneSimulator
		AppStore|Linux = AppStore|Linux
		AppStore|Windows10 = AppStore|Windows10
		AppStore|WindowsPhone = AppStore|WindowsPhone
		AppStore|WindowsStore = AppStore|WindowsStore
		CoreCLR_Debug|Android = CoreCLR_Debug|Android
		CoreCLR_Debug|Any CPU = CoreCLR_Debug|Any CPU
		CoreCLR_Debug|iPhone = CoreCLR_Debug|iPhone
		CoreCLR_Debug|iPhoneSimulator = CoreCLR_Debug|iPhoneSimulator
		CoreCLR_Debug|Linux = CoreCLR_Debug|Linux
		CoreCLR_Debug|Windows10 = CoreCLR_Debug|Windows10
		CoreCLR_Debug|WindowsPhone = CoreCLR_Debug|WindowsPhone
		CoreCLR_Debug|WindowsStore = CoreCLR_Debug|WindowsStore
		CoreCLR_Release|Android = CoreCLR_Release|Android
		CoreCLR_Release|Any CPU = CoreCLR_Release|Any CPU
		CoreCLR_Release|iPhone = CoreCLR_Release|iPhone
		CoreCLR_Release|iPhoneSimulator = CoreCLR_Release|iPhoneSimulator
		CoreCLR_Release|Linux = CoreCLR_Release|Linux
		CoreCLR_Release|Windows10 = CoreCLR_Release|Windows10
		CoreCLR_Release|WindowsPhone = CoreCLR_Release|WindowsPhone
		CoreCLR_Release|WindowsStore = CoreCLR_Release|WindowsStore
		Debug|Android = Debug|Android
		Debug|Any CPU = Debug|Any CPU
		Debug|iPhone = Debug|iPhone
		Debug|iPhoneSimulator = Debug|iPhoneSimulator
		Debug|Linux = Debug|Linux
		Debug|Windows10 = Debug|Windows10
		Debug|WindowsPhone = Debug|WindowsPhone
		Debug|WindowsStore = Debug|WindowsStore
		Release|Android = Release|Android
		Release|Any CPU = Release|Any CPU
		Release|iPhone = Release|iPhone
		Release|iPhoneSimulator = Release|iPhoneSimulator
		Release|Linux = Release|Linux
		Release|Windows10 = Release|Windows10
		Release|WindowsPhone = Release|WindowsPhone
		Release|WindowsStore = Release|WindowsStore
		Testing|Android = Testing|Android
		Testing|Any CPU = Testing|Any CPU
		Testing|iPhone = Testing|iPhone
		Testing|iPhoneSimulator = Testing|iPhoneSimulator
		Testing|Linux = Testing|Linux
		Testing|Windows10 = Testing|Windows10
		Testing|WindowsPhone = Testing|WindowsPhone
		Testing|WindowsStore = Testing|WindowsStore
	EndGlobalSection
	GlobalSection(ProjectConfigurationPlatforms) = postSolution
		{A3654FC8-1510-450A-9F3B-AFF0E0226EB8}.AppStore|Android.ActiveCfg = Release|Any CPU
		{A3654FC8-1510-450A-9F3B-AFF0E0226EB8}.AppStore|Android.Build.0 = Release|Any CPU
		{A3654FC8-1510-450A-9F3B-AFF0E0226EB8}.AppStore|Any CPU.ActiveCfg = Release|Any CPU
		{A3654FC8-1510-450A-9F3B-AFF0E0226EB8}.AppStore|Any CPU.Build.0 = Release|Any CPU
		{A3654FC8-1510-450A-9F3B-AFF0E0226EB8}.AppStore|iPhone.ActiveCfg = Release|Any CPU
		{A3654FC8-1510-450A-9F3B-AFF0E0226EB8}.AppStore|iPhone.Build.0 = Release|Any CPU
		{A3654FC8-1510-450A-9F3B-AFF0E0226EB8}.AppStore|iPhoneSimulator.ActiveCfg = Release|Any CPU
		{A3654FC8-1510-450A-9F3B-AFF0E0226EB8}.AppStore|iPhoneSimulator.Build.0 = Release|Any CPU
		{A3654FC8-1510-450A-9F3B-AFF0E0226EB8}.AppStore|Linux.ActiveCfg = Release|Any CPU
		{A3654FC8-1510-450A-9F3B-AFF0E0226EB8}.AppStore|Linux.Build.0 = Release|Any CPU
		{A3654FC8-1510-450A-9F3B-AFF0E0226EB8}.AppStore|Windows10.ActiveCfg = Release|Any CPU
		{A3654FC8-1510-450A-9F3B-AFF0E0226EB8}.AppStore|Windows10.Build.0 = Release|Any CPU
		{A3654FC8-1510-450A-9F3B-AFF0E0226EB8}.AppStore|WindowsPhone.ActiveCfg = Release|Any CPU
		{A3654FC8-1510-450A-9F3B-AFF0E0226EB8}.AppStore|WindowsPhone.Build.0 = Release|Any CPU
		{A3654FC8-1510-450A-9F3B-AFF0E0226EB8}.AppStore|WindowsStore.ActiveCfg = Release|Any CPU
		{A3654FC8-1510-450A-9F3B-AFF0E0226EB8}.AppStore|WindowsStore.Build.0 = Release|Any CPU
		{A3654FC8-1510-450A-9F3B-AFF0E0226EB8}.CoreCLR_Debug|Android.ActiveCfg = Debug|Any CPU
		{A3654FC8-1510-450A-9F3B-AFF0E0226EB8}.CoreCLR_Debug|Android.Build.0 = Debug|Any CPU
		{A3654FC8-1510-450A-9F3B-AFF0E0226EB8}.CoreCLR_Debug|Any CPU.ActiveCfg = Debug|Any CPU
		{A3654FC8-1510-450A-9F3B-AFF0E0226EB8}.CoreCLR_Debug|Any CPU.Build.0 = Debug|Any CPU
		{A3654FC8-1510-450A-9F3B-AFF0E0226EB8}.CoreCLR_Debug|iPhone.ActiveCfg = Debug|Any CPU
		{A3654FC8-1510-450A-9F3B-AFF0E0226EB8}.CoreCLR_Debug|iPhone.Build.0 = Debug|Any CPU
		{A3654FC8-1510-450A-9F3B-AFF0E0226EB8}.CoreCLR_Debug|iPhoneSimulator.ActiveCfg = Debug|Any CPU
		{A3654FC8-1510-450A-9F3B-AFF0E0226EB8}.CoreCLR_Debug|iPhoneSimulator.Build.0 = Debug|Any CPU
		{A3654FC8-1510-450A-9F3B-AFF0E0226EB8}.CoreCLR_Debug|Linux.ActiveCfg = Debug|Any CPU
		{A3654FC8-1510-450A-9F3B-AFF0E0226EB8}.CoreCLR_Debug|Linux.Build.0 = Debug|Any CPU
		{A3654FC8-1510-450A-9F3B-AFF0E0226EB8}.CoreCLR_Debug|Windows10.ActiveCfg = Debug|Any CPU
		{A3654FC8-1510-450A-9F3B-AFF0E0226EB8}.CoreCLR_Debug|Windows10.Build.0 = Debug|Any CPU
		{A3654FC8-1510-450A-9F3B-AFF0E0226EB8}.CoreCLR_Debug|WindowsPhone.ActiveCfg = Debug|Any CPU
		{A3654FC8-1510-450A-9F3B-AFF0E0226EB8}.CoreCLR_Debug|WindowsPhone.Build.0 = Debug|Any CPU
		{A3654FC8-1510-450A-9F3B-AFF0E0226EB8}.CoreCLR_Debug|WindowsStore.ActiveCfg = Debug|Any CPU
		{A3654FC8-1510-450A-9F3B-AFF0E0226EB8}.CoreCLR_Debug|WindowsStore.Build.0 = Debug|Any CPU
		{A3654FC8-1510-450A-9F3B-AFF0E0226EB8}.CoreCLR_Release|Android.ActiveCfg = Release|Any CPU
		{A3654FC8-1510-450A-9F3B-AFF0E0226EB8}.CoreCLR_Release|Android.Build.0 = Release|Any CPU
		{A3654FC8-1510-450A-9F3B-AFF0E0226EB8}.CoreCLR_Release|Any CPU.ActiveCfg = Release|Any CPU
		{A3654FC8-1510-450A-9F3B-AFF0E0226EB8}.CoreCLR_Release|Any CPU.Build.0 = Release|Any CPU
		{A3654FC8-1510-450A-9F3B-AFF0E0226EB8}.CoreCLR_Release|iPhone.ActiveCfg = Release|Any CPU
		{A3654FC8-1510-450A-9F3B-AFF0E0226EB8}.CoreCLR_Release|iPhone.Build.0 = Release|Any CPU
		{A3654FC8-1510-450A-9F3B-AFF0E0226EB8}.CoreCLR_Release|iPhoneSimulator.ActiveCfg = Release|Any CPU
		{A3654FC8-1510-450A-9F3B-AFF0E0226EB8}.CoreCLR_Release|iPhoneSimulator.Build.0 = Release|Any CPU
		{A3654FC8-1510-450A-9F3B-AFF0E0226EB8}.CoreCLR_Release|Linux.ActiveCfg = Release|Any CPU
		{A3654FC8-1510-450A-9F3B-AFF0E0226EB8}.CoreCLR_Release|Linux.Build.0 = Release|Any CPU
		{A3654FC8-1510-450A-9F3B-AFF0E0226EB8}.CoreCLR_Release|Windows10.ActiveCfg = Release|Any CPU
		{A3654FC8-1510-450A-9F3B-AFF0E0226EB8}.CoreCLR_Release|Windows10.Build.0 = Release|Any CPU
		{A3654FC8-1510-450A-9F3B-AFF0E0226EB8}.CoreCLR_Release|WindowsPhone.ActiveCfg = Release|Any CPU
		{A3654FC8-1510-450A-9F3B-AFF0E0226EB8}.CoreCLR_Release|WindowsPhone.Build.0 = Release|Any CPU
		{A3654FC8-1510-450A-9F3B-AFF0E0226EB8}.CoreCLR_Release|WindowsStore.ActiveCfg = Release|Any CPU
		{A3654FC8-1510-450A-9F3B-AFF0E0226EB8}.CoreCLR_Release|WindowsStore.Build.0 = Release|Any CPU
		{A3654FC8-1510-450A-9F3B-AFF0E0226EB8}.Debug|Android.ActiveCfg = Debug|Any CPU
		{A3654FC8-1510-450A-9F3B-AFF0E0226EB8}.Debug|Android.Build.0 = Debug|Any CPU
		{A3654FC8-1510-450A-9F3B-AFF0E0226EB8}.Debug|Any CPU.ActiveCfg = Debug|Any CPU
		{A3654FC8-1510-450A-9F3B-AFF0E0226EB8}.Debug|Any CPU.Build.0 = Debug|Any CPU
		{A3654FC8-1510-450A-9F3B-AFF0E0226EB8}.Debug|iPhone.ActiveCfg = Debug|Any CPU
		{A3654FC8-1510-450A-9F3B-AFF0E0226EB8}.Debug|iPhone.Build.0 = Debug|Any CPU
		{A3654FC8-1510-450A-9F3B-AFF0E0226EB8}.Debug|iPhoneSimulator.ActiveCfg = Debug|Any CPU
		{A3654FC8-1510-450A-9F3B-AFF0E0226EB8}.Debug|iPhoneSimulator.Build.0 = Debug|Any CPU
		{A3654FC8-1510-450A-9F3B-AFF0E0226EB8}.Debug|Linux.ActiveCfg = Debug|Any CPU
		{A3654FC8-1510-450A-9F3B-AFF0E0226EB8}.Debug|Linux.Build.0 = Debug|Any CPU
		{A3654FC8-1510-450A-9F3B-AFF0E0226EB8}.Debug|Windows10.ActiveCfg = Debug|Any CPU
		{A3654FC8-1510-450A-9F3B-AFF0E0226EB8}.Debug|Windows10.Build.0 = Debug|Any CPU
		{A3654FC8-1510-450A-9F3B-AFF0E0226EB8}.Debug|WindowsPhone.ActiveCfg = Debug|Any CPU
		{A3654FC8-1510-450A-9F3B-AFF0E0226EB8}.Debug|WindowsPhone.Build.0 = Debug|Any CPU
		{A3654FC8-1510-450A-9F3B-AFF0E0226EB8}.Debug|WindowsStore.ActiveCfg = Debug|Any CPU
		{A3654FC8-1510-450A-9F3B-AFF0E0226EB8}.Debug|WindowsStore.Build.0 = Debug|Any CPU
		{A3654FC8-1510-450A-9F3B-AFF0E0226EB8}.Release|Android.ActiveCfg = Release|Any CPU
		{A3654FC8-1510-450A-9F3B-AFF0E0226EB8}.Release|Android.Build.0 = Release|Any CPU
		{A3654FC8-1510-450A-9F3B-AFF0E0226EB8}.Release|Any CPU.ActiveCfg = Release|Any CPU
		{A3654FC8-1510-450A-9F3B-AFF0E0226EB8}.Release|Any CPU.Build.0 = Release|Any CPU
		{A3654FC8-1510-450A-9F3B-AFF0E0226EB8}.Release|iPhone.ActiveCfg = Release|Any CPU
		{A3654FC8-1510-450A-9F3B-AFF0E0226EB8}.Release|iPhone.Build.0 = Release|Any CPU
		{A3654FC8-1510-450A-9F3B-AFF0E0226EB8}.Release|iPhoneSimulator.ActiveCfg = Release|Any CPU
		{A3654FC8-1510-450A-9F3B-AFF0E0226EB8}.Release|iPhoneSimulator.Build.0 = Release|Any CPU
		{A3654FC8-1510-450A-9F3B-AFF0E0226EB8}.Release|Linux.ActiveCfg = Release|Any CPU
		{A3654FC8-1510-450A-9F3B-AFF0E0226EB8}.Release|Linux.Build.0 = Release|Any CPU
		{A3654FC8-1510-450A-9F3B-AFF0E0226EB8}.Release|Windows10.ActiveCfg = Release|Any CPU
		{A3654FC8-1510-450A-9F3B-AFF0E0226EB8}.Release|Windows10.Build.0 = Release|Any CPU
		{A3654FC8-1510-450A-9F3B-AFF0E0226EB8}.Release|WindowsPhone.ActiveCfg = Release|Any CPU
		{A3654FC8-1510-450A-9F3B-AFF0E0226EB8}.Release|WindowsPhone.Build.0 = Release|Any CPU
		{A3654FC8-1510-450A-9F3B-AFF0E0226EB8}.Release|WindowsStore.ActiveCfg = Release|Any CPU
		{A3654FC8-1510-450A-9F3B-AFF0E0226EB8}.Release|WindowsStore.Build.0 = Release|Any CPU
		{A3654FC8-1510-450A-9F3B-AFF0E0226EB8}.Testing|Android.ActiveCfg = Release|Any CPU
		{A3654FC8-1510-450A-9F3B-AFF0E0226EB8}.Testing|Android.Build.0 = Release|Any CPU
		{A3654FC8-1510-450A-9F3B-AFF0E0226EB8}.Testing|Any CPU.ActiveCfg = Release|Any CPU
		{A3654FC8-1510-450A-9F3B-AFF0E0226EB8}.Testing|Any CPU.Build.0 = Release|Any CPU
		{A3654FC8-1510-450A-9F3B-AFF0E0226EB8}.Testing|iPhone.ActiveCfg = Release|Any CPU
		{A3654FC8-1510-450A-9F3B-AFF0E0226EB8}.Testing|iPhone.Build.0 = Release|Any CPU
		{A3654FC8-1510-450A-9F3B-AFF0E0226EB8}.Testing|iPhoneSimulator.ActiveCfg = Release|Any CPU
		{A3654FC8-1510-450A-9F3B-AFF0E0226EB8}.Testing|iPhoneSimulator.Build.0 = Release|Any CPU
		{A3654FC8-1510-450A-9F3B-AFF0E0226EB8}.Testing|Linux.ActiveCfg = Release|Any CPU
		{A3654FC8-1510-450A-9F3B-AFF0E0226EB8}.Testing|Linux.Build.0 = Release|Any CPU
		{A3654FC8-1510-450A-9F3B-AFF0E0226EB8}.Testing|Windows10.ActiveCfg = Release|Any CPU
		{A3654FC8-1510-450A-9F3B-AFF0E0226EB8}.Testing|Windows10.Build.0 = Release|Any CPU
		{A3654FC8-1510-450A-9F3B-AFF0E0226EB8}.Testing|WindowsPhone.ActiveCfg = Release|Any CPU
		{A3654FC8-1510-450A-9F3B-AFF0E0226EB8}.Testing|WindowsPhone.Build.0 = Release|Any CPU
		{A3654FC8-1510-450A-9F3B-AFF0E0226EB8}.Testing|WindowsStore.ActiveCfg = Release|Any CPU
		{A3654FC8-1510-450A-9F3B-AFF0E0226EB8}.Testing|WindowsStore.Build.0 = Release|Any CPU
		{2EC3775D-5F84-495C-A728-FAFA23518CE7}.AppStore|Android.ActiveCfg = AppStore|Android
		{2EC3775D-5F84-495C-A728-FAFA23518CE7}.AppStore|Android.Build.0 = AppStore|Android
		{2EC3775D-5F84-495C-A728-FAFA23518CE7}.AppStore|Any CPU.ActiveCfg = AppStore|Any CPU
		{2EC3775D-5F84-495C-A728-FAFA23518CE7}.AppStore|Any CPU.Build.0 = AppStore|Any CPU
		{2EC3775D-5F84-495C-A728-FAFA23518CE7}.AppStore|iPhone.ActiveCfg = AppStore|iPhone
		{2EC3775D-5F84-495C-A728-FAFA23518CE7}.AppStore|iPhone.Build.0 = AppStore|iPhone
		{2EC3775D-5F84-495C-A728-FAFA23518CE7}.AppStore|iPhoneSimulator.ActiveCfg = AppStore|iPhoneSimulator
		{2EC3775D-5F84-495C-A728-FAFA23518CE7}.AppStore|iPhoneSimulator.Build.0 = AppStore|iPhoneSimulator
		{2EC3775D-5F84-495C-A728-FAFA23518CE7}.AppStore|Linux.ActiveCfg = AppStore|Linux
		{2EC3775D-5F84-495C-A728-FAFA23518CE7}.AppStore|Linux.Build.0 = AppStore|Linux
		{2EC3775D-5F84-495C-A728-FAFA23518CE7}.AppStore|Windows10.ActiveCfg = AppStore|Windows10
		{2EC3775D-5F84-495C-A728-FAFA23518CE7}.AppStore|Windows10.Build.0 = AppStore|Windows10
		{2EC3775D-5F84-495C-A728-FAFA23518CE7}.AppStore|WindowsPhone.ActiveCfg = AppStore|WindowsPhone
		{2EC3775D-5F84-495C-A728-FAFA23518CE7}.AppStore|WindowsPhone.Build.0 = AppStore|WindowsPhone
		{2EC3775D-5F84-495C-A728-FAFA23518CE7}.AppStore|WindowsStore.ActiveCfg = AppStore|WindowsStore
		{2EC3775D-5F84-495C-A728-FAFA23518CE7}.AppStore|WindowsStore.Build.0 = AppStore|WindowsStore
		{2EC3775D-5F84-495C-A728-FAFA23518CE7}.CoreCLR_Debug|Android.ActiveCfg = CoreCLR_Debug|Android
		{2EC3775D-5F84-495C-A728-FAFA23518CE7}.CoreCLR_Debug|Android.Build.0 = CoreCLR_Debug|Android
		{2EC3775D-5F84-495C-A728-FAFA23518CE7}.CoreCLR_Debug|Any CPU.ActiveCfg = CoreCLR_Debug|Any CPU
		{2EC3775D-5F84-495C-A728-FAFA23518CE7}.CoreCLR_Debug|Any CPU.Build.0 = CoreCLR_Debug|Any CPU
		{2EC3775D-5F84-495C-A728-FAFA23518CE7}.CoreCLR_Debug|iPhone.ActiveCfg = CoreCLR_Debug|iPhone
		{2EC3775D-5F84-495C-A728-FAFA23518CE7}.CoreCLR_Debug|iPhone.Build.0 = CoreCLR_Debug|iPhone
		{2EC3775D-5F84-495C-A728-FAFA23518CE7}.CoreCLR_Debug|iPhoneSimulator.ActiveCfg = CoreCLR_Debug|iPhoneSimulator
		{2EC3775D-5F84-495C-A728-FAFA23518CE7}.CoreCLR_Debug|iPhoneSimulator.Build.0 = CoreCLR_Debug|iPhoneSimulator
		{2EC3775D-5F84-495C-A728-FAFA23518CE7}.CoreCLR_Debug|Linux.ActiveCfg = CoreCLR_Debug|Linux
		{2EC3775D-5F84-495C-A728-FAFA23518CE7}.CoreCLR_Debug|Linux.Build.0 = CoreCLR_Debug|Linux
		{2EC3775D-5F84-495C-A728-FAFA23518CE7}.CoreCLR_Debug|Windows10.ActiveCfg = CoreCLR_Debug|Windows10
		{2EC3775D-5F84-495C-A728-FAFA23518CE7}.CoreCLR_Debug|Windows10.Build.0 = CoreCLR_Debug|Windows10
		{2EC3775D-5F84-495C-A728-FAFA23518CE7}.CoreCLR_Debug|WindowsPhone.ActiveCfg = CoreCLR_Debug|WindowsPhone
		{2EC3775D-5F84-495C-A728-FAFA23518CE7}.CoreCLR_Debug|WindowsPhone.Build.0 = CoreCLR_Debug|WindowsPhone
		{2EC3775D-5F84-495C-A728-FAFA23518CE7}.CoreCLR_Debug|WindowsStore.ActiveCfg = CoreCLR_Debug|WindowsStore
		{2EC3775D-5F84-495C-A728-FAFA23518CE7}.CoreCLR_Debug|WindowsStore.Build.0 = CoreCLR_Debug|WindowsStore
		{2EC3775D-5F84-495C-A728-FAFA23518CE7}.CoreCLR_Release|Android.ActiveCfg = CoreCLR_Release|Android
		{2EC3775D-5F84-495C-A728-FAFA23518CE7}.CoreCLR_Release|Android.Build.0 = CoreCLR_Release|Android
		{2EC3775D-5F84-495C-A728-FAFA23518CE7}.CoreCLR_Release|Any CPU.ActiveCfg = CoreCLR_Release|Any CPU
		{2EC3775D-5F84-495C-A728-FAFA23518CE7}.CoreCLR_Release|Any CPU.Build.0 = CoreCLR_Release|Any CPU
		{2EC3775D-5F84-495C-A728-FAFA23518CE7}.CoreCLR_Release|iPhone.ActiveCfg = CoreCLR_Release|iPhone
		{2EC3775D-5F84-495C-A728-FAFA23518CE7}.CoreCLR_Release|iPhone.Build.0 = CoreCLR_Release|iPhone
		{2EC3775D-5F84-495C-A728-FAFA23518CE7}.CoreCLR_Release|iPhoneSimulator.ActiveCfg = CoreCLR_Release|iPhoneSimulator
		{2EC3775D-5F84-495C-A728-FAFA23518CE7}.CoreCLR_Release|iPhoneSimulator.Build.0 = CoreCLR_Release|iPhoneSimulator
		{2EC3775D-5F84-495C-A728-FAFA23518CE7}.CoreCLR_Release|Linux.ActiveCfg = CoreCLR_Release|Linux
		{2EC3775D-5F84-495C-A728-FAFA23518CE7}.CoreCLR_Release|Linux.Build.0 = CoreCLR_Release|Linux
		{2EC3775D-5F84-495C-A728-FAFA23518CE7}.CoreCLR_Release|Windows10.ActiveCfg = CoreCLR_Release|Windows10
		{2EC3775D-5F84-495C-A728-FAFA23518CE7}.CoreCLR_Release|Windows10.Build.0 = CoreCLR_Release|Windows10
		{2EC3775D-5F84-495C-A728-FAFA23518CE7}.CoreCLR_Release|WindowsPhone.ActiveCfg = CoreCLR_Release|WindowsPhone
		{2EC3775D-5F84-495C-A728-FAFA23518CE7}.CoreCLR_Release|WindowsPhone.Build.0 = CoreCLR_Release|WindowsPhone
		{2EC3775D-5F84-495C-A728-FAFA23518CE7}.CoreCLR_Release|WindowsStore.ActiveCfg = CoreCLR_Release|WindowsStore
		{2EC3775D-5F84-495C-A728-FAFA23518CE7}.CoreCLR_Release|WindowsStore.Build.0 = CoreCLR_Release|WindowsStore
		{2EC3775D-5F84-495C-A728-FAFA23518CE7}.Debug|Android.ActiveCfg = Debug|Android
		{2EC3775D-5F84-495C-A728-FAFA23518CE7}.Debug|Android.Build.0 = Debug|Android
		{2EC3775D-5F84-495C-A728-FAFA23518CE7}.Debug|Any CPU.ActiveCfg = Debug|Any CPU
		{2EC3775D-5F84-495C-A728-FAFA23518CE7}.Debug|Any CPU.Build.0 = Debug|Any CPU
		{2EC3775D-5F84-495C-A728-FAFA23518CE7}.Debug|iPhone.ActiveCfg = Debug|iPhone
		{2EC3775D-5F84-495C-A728-FAFA23518CE7}.Debug|iPhone.Build.0 = Debug|iPhone
		{2EC3775D-5F84-495C-A728-FAFA23518CE7}.Debug|iPhoneSimulator.ActiveCfg = Debug|iPhoneSimulator
		{2EC3775D-5F84-495C-A728-FAFA23518CE7}.Debug|iPhoneSimulator.Build.0 = Debug|iPhoneSimulator
		{2EC3775D-5F84-495C-A728-FAFA23518CE7}.Debug|Linux.ActiveCfg = Debug|Linux
		{2EC3775D-5F84-495C-A728-FAFA23518CE7}.Debug|Linux.Build.0 = Debug|Linux
		{2EC3775D-5F84-495C-A728-FAFA23518CE7}.Debug|Windows10.ActiveCfg = Debug|Windows10
		{2EC3775D-5F84-495C-A728-FAFA23518CE7}.Debug|Windows10.Build.0 = Debug|Windows10
		{2EC3775D-5F84-495C-A728-FAFA23518CE7}.Debug|WindowsPhone.ActiveCfg = Debug|WindowsPhone
		{2EC3775D-5F84-495C-A728-FAFA23518CE7}.Debug|WindowsPhone.Build.0 = Debug|WindowsPhone
		{2EC3775D-5F84-495C-A728-FAFA23518CE7}.Debug|WindowsStore.ActiveCfg = Debug|WindowsStore
		{2EC3775D-5F84-495C-A728-FAFA23518CE7}.Debug|WindowsStore.Build.0 = Debug|WindowsStore
		{2EC3775D-5F84-495C-A728-FAFA23518CE7}.Release|Android.ActiveCfg = Release|Android
		{2EC3775D-5F84-495C-A728-FAFA23518CE7}.Release|Android.Build.0 = Release|Android
		{2EC3775D-5F84-495C-A728-FAFA23518CE7}.Release|Any CPU.ActiveCfg = Release|Any CPU
		{2EC3775D-5F84-495C-A728-FAFA23518CE7}.Release|Any CPU.Build.0 = Release|Any CPU
		{2EC3775D-5F84-495C-A728-FAFA23518CE7}.Release|iPhone.ActiveCfg = Release|iPhone
		{2EC3775D-5F84-495C-A728-FAFA23518CE7}.Release|iPhone.Build.0 = Release|iPhone
		{2EC3775D-5F84-495C-A728-FAFA23518CE7}.Release|iPhoneSimulator.ActiveCfg = Release|iPhoneSimulator
		{2EC3775D-5F84-495C-A728-FAFA23518CE7}.Release|iPhoneSimulator.Build.0 = Release|iPhoneSimulator
		{2EC3775D-5F84-495C-A728-FAFA23518CE7}.Release|Linux.ActiveCfg = Release|Linux
		{2EC3775D-5F84-495C-A728-FAFA23518CE7}.Release|Linux.Build.0 = Release|Linux
		{2EC3775D-5F84-495C-A728-FAFA23518CE7}.Release|Windows10.ActiveCfg = Release|Windows10
		{2EC3775D-5F84-495C-A728-FAFA23518CE7}.Release|Windows10.Build.0 = Release|Windows10
		{2EC3775D-5F84-495C-A728-FAFA23518CE7}.Release|WindowsPhone.ActiveCfg = Release|WindowsPhone
		{2EC3775D-5F84-495C-A728-FAFA23518CE7}.Release|WindowsPhone.Build.0 = Release|WindowsPhone
		{2EC3775D-5F84-495C-A728-FAFA23518CE7}.Release|WindowsStore.ActiveCfg = Release|WindowsStore
		{2EC3775D-5F84-495C-A728-FAFA23518CE7}.Release|WindowsStore.Build.0 = Release|WindowsStore
		{2EC3775D-5F84-495C-A728-FAFA23518CE7}.Testing|Android.ActiveCfg = Testing|Android
		{2EC3775D-5F84-495C-A728-FAFA23518CE7}.Testing|Android.Build.0 = Testing|Android
		{2EC3775D-5F84-495C-A728-FAFA23518CE7}.Testing|Any CPU.ActiveCfg = Testing|Any CPU
		{2EC3775D-5F84-495C-A728-FAFA23518CE7}.Testing|Any CPU.Build.0 = Testing|Any CPU
		{2EC3775D-5F84-495C-A728-FAFA23518CE7}.Testing|iPhone.ActiveCfg = Testing|iPhone
		{2EC3775D-5F84-495C-A728-FAFA23518CE7}.Testing|iPhone.Build.0 = Testing|iPhone
		{2EC3775D-5F84-495C-A728-FAFA23518CE7}.Testing|iPhoneSimulator.ActiveCfg = Testing|iPhoneSimulator
		{2EC3775D-5F84-495C-A728-FAFA23518CE7}.Testing|iPhoneSimulator.Build.0 = Testing|iPhoneSimulator
		{2EC3775D-5F84-495C-A728-FAFA23518CE7}.Testing|Linux.ActiveCfg = Testing|Linux
		{2EC3775D-5F84-495C-A728-FAFA23518CE7}.Testing|Linux.Build.0 = Testing|Linux
		{2EC3775D-5F84-495C-A728-FAFA23518CE7}.Testing|Windows10.ActiveCfg = Testing|Windows10
		{2EC3775D-5F84-495C-A728-FAFA23518CE7}.Testing|Windows10.Build.0 = Testing|Windows10
		{2EC3775D-5F84-495C-A728-FAFA23518CE7}.Testing|WindowsPhone.ActiveCfg = Testing|WindowsPhone
		{2EC3775D-5F84-495C-A728-FAFA23518CE7}.Testing|WindowsPhone.Build.0 = Testing|WindowsPhone
		{2EC3775D-5F84-495C-A728-FAFA23518CE7}.Testing|WindowsStore.ActiveCfg = Testing|WindowsStore
		{2EC3775D-5F84-495C-A728-FAFA23518CE7}.Testing|WindowsStore.Build.0 = Testing|WindowsStore
		{D537FCCC-5880-4AD4-B79C-F5D50EF2F872}.AppStore|Android.ActiveCfg = Release|Any CPU
		{D537FCCC-5880-4AD4-B79C-F5D50EF2F872}.AppStore|Android.Build.0 = Release|Any CPU
		{D537FCCC-5880-4AD4-B79C-F5D50EF2F872}.AppStore|Any CPU.ActiveCfg = Release|Any CPU
		{D537FCCC-5880-4AD4-B79C-F5D50EF2F872}.AppStore|Any CPU.Build.0 = Release|Any CPU
		{D537FCCC-5880-4AD4-B79C-F5D50EF2F872}.AppStore|iPhone.ActiveCfg = Release|Any CPU
		{D537FCCC-5880-4AD4-B79C-F5D50EF2F872}.AppStore|iPhone.Build.0 = Release|Any CPU
		{D537FCCC-5880-4AD4-B79C-F5D50EF2F872}.AppStore|iPhoneSimulator.ActiveCfg = Release|Any CPU
		{D537FCCC-5880-4AD4-B79C-F5D50EF2F872}.AppStore|iPhoneSimulator.Build.0 = Release|Any CPU
		{D537FCCC-5880-4AD4-B79C-F5D50EF2F872}.AppStore|Linux.ActiveCfg = Release|Any CPU
		{D537FCCC-5880-4AD4-B79C-F5D50EF2F872}.AppStore|Linux.Build.0 = Release|Any CPU
		{D537FCCC-5880-4AD4-B79C-F5D50EF2F872}.AppStore|Windows10.ActiveCfg = Release|Any CPU
		{D537FCCC-5880-4AD4-B79C-F5D50EF2F872}.AppStore|Windows10.Build.0 = Release|Any CPU
		{D537FCCC-5880-4AD4-B79C-F5D50EF2F872}.AppStore|WindowsPhone.ActiveCfg = Release|Any CPU
		{D537FCCC-5880-4AD4-B79C-F5D50EF2F872}.AppStore|WindowsPhone.Build.0 = Release|Any CPU
		{D537FCCC-5880-4AD4-B79C-F5D50EF2F872}.AppStore|WindowsStore.ActiveCfg = Release|Any CPU
		{D537FCCC-5880-4AD4-B79C-F5D50EF2F872}.AppStore|WindowsStore.Build.0 = Release|Any CPU
		{D537FCCC-5880-4AD4-B79C-F5D50EF2F872}.CoreCLR_Debug|Android.ActiveCfg = Debug|Any CPU
		{D537FCCC-5880-4AD4-B79C-F5D50EF2F872}.CoreCLR_Debug|Android.Build.0 = Debug|Any CPU
		{D537FCCC-5880-4AD4-B79C-F5D50EF2F872}.CoreCLR_Debug|Any CPU.ActiveCfg = Debug|Any CPU
		{D537FCCC-5880-4AD4-B79C-F5D50EF2F872}.CoreCLR_Debug|Any CPU.Build.0 = Debug|Any CPU
		{D537FCCC-5880-4AD4-B79C-F5D50EF2F872}.CoreCLR_Debug|iPhone.ActiveCfg = Debug|Any CPU
		{D537FCCC-5880-4AD4-B79C-F5D50EF2F872}.CoreCLR_Debug|iPhone.Build.0 = Debug|Any CPU
		{D537FCCC-5880-4AD4-B79C-F5D50EF2F872}.CoreCLR_Debug|iPhoneSimulator.ActiveCfg = Debug|Any CPU
		{D537FCCC-5880-4AD4-B79C-F5D50EF2F872}.CoreCLR_Debug|iPhoneSimulator.Build.0 = Debug|Any CPU
		{D537FCCC-5880-4AD4-B79C-F5D50EF2F872}.CoreCLR_Debug|Linux.ActiveCfg = Debug|Any CPU
		{D537FCCC-5880-4AD4-B79C-F5D50EF2F872}.CoreCLR_Debug|Linux.Build.0 = Debug|Any CPU
		{D537FCCC-5880-4AD4-B79C-F5D50EF2F872}.CoreCLR_Debug|Windows10.ActiveCfg = Debug|Any CPU
		{D537FCCC-5880-4AD4-B79C-F5D50EF2F872}.CoreCLR_Debug|Windows10.Build.0 = Debug|Any CPU
		{D537FCCC-5880-4AD4-B79C-F5D50EF2F872}.CoreCLR_Debug|WindowsPhone.ActiveCfg = Debug|Any CPU
		{D537FCCC-5880-4AD4-B79C-F5D50EF2F872}.CoreCLR_Debug|WindowsPhone.Build.0 = Debug|Any CPU
		{D537FCCC-5880-4AD4-B79C-F5D50EF2F872}.CoreCLR_Debug|WindowsStore.ActiveCfg = Debug|Any CPU
		{D537FCCC-5880-4AD4-B79C-F5D50EF2F872}.CoreCLR_Debug|WindowsStore.Build.0 = Debug|Any CPU
		{D537FCCC-5880-4AD4-B79C-F5D50EF2F872}.CoreCLR_Release|Android.ActiveCfg = Release|Any CPU
		{D537FCCC-5880-4AD4-B79C-F5D50EF2F872}.CoreCLR_Release|Android.Build.0 = Release|Any CPU
		{D537FCCC-5880-4AD4-B79C-F5D50EF2F872}.CoreCLR_Release|Any CPU.ActiveCfg = Release|Any CPU
		{D537FCCC-5880-4AD4-B79C-F5D50EF2F872}.CoreCLR_Release|Any CPU.Build.0 = Release|Any CPU
		{D537FCCC-5880-4AD4-B79C-F5D50EF2F872}.CoreCLR_Release|iPhone.ActiveCfg = Release|Any CPU
		{D537FCCC-5880-4AD4-B79C-F5D50EF2F872}.CoreCLR_Release|iPhone.Build.0 = Release|Any CPU
		{D537FCCC-5880-4AD4-B79C-F5D50EF2F872}.CoreCLR_Release|iPhoneSimulator.ActiveCfg = Release|Any CPU
		{D537FCCC-5880-4AD4-B79C-F5D50EF2F872}.CoreCLR_Release|iPhoneSimulator.Build.0 = Release|Any CPU
		{D537FCCC-5880-4AD4-B79C-F5D50EF2F872}.CoreCLR_Release|Linux.ActiveCfg = Release|Any CPU
		{D537FCCC-5880-4AD4-B79C-F5D50EF2F872}.CoreCLR_Release|Linux.Build.0 = Release|Any CPU
		{D537FCCC-5880-4AD4-B79C-F5D50EF2F872}.CoreCLR_Release|Windows10.ActiveCfg = Release|Any CPU
		{D537FCCC-5880-4AD4-B79C-F5D50EF2F872}.CoreCLR_Release|Windows10.Build.0 = Release|Any CPU
		{D537FCCC-5880-4AD4-B79C-F5D50EF2F872}.CoreCLR_Release|WindowsPhone.ActiveCfg = Release|Any CPU
		{D537FCCC-5880-4AD4-B79C-F5D50EF2F872}.CoreCLR_Release|WindowsPhone.Build.0 = Release|Any CPU
		{D537FCCC-5880-4AD4-B79C-F5D50EF2F872}.CoreCLR_Release|WindowsStore.ActiveCfg = Release|Any CPU
		{D537FCCC-5880-4AD4-B79C-F5D50EF2F872}.CoreCLR_Release|WindowsStore.Build.0 = Release|Any CPU
		{D537FCCC-5880-4AD4-B79C-F5D50EF2F872}.Debug|Android.ActiveCfg = Debug|Any CPU
		{D537FCCC-5880-4AD4-B79C-F5D50EF2F872}.Debug|Android.Build.0 = Debug|Any CPU
		{D537FCCC-5880-4AD4-B79C-F5D50EF2F872}.Debug|Any CPU.ActiveCfg = Debug|Any CPU
		{D537FCCC-5880-4AD4-B79C-F5D50EF2F872}.Debug|Any CPU.Build.0 = Debug|Any CPU
		{D537FCCC-5880-4AD4-B79C-F5D50EF2F872}.Debug|iPhone.ActiveCfg = Debug|Any CPU
		{D537FCCC-5880-4AD4-B79C-F5D50EF2F872}.Debug|iPhone.Build.0 = Debug|Any CPU
		{D537FCCC-5880-4AD4-B79C-F5D50EF2F872}.Debug|iPhoneSimulator.ActiveCfg = Debug|Any CPU
		{D537FCCC-5880-4AD4-B79C-F5D50EF2F872}.Debug|iPhoneSimulator.Build.0 = Debug|Any CPU
		{D537FCCC-5880-4AD4-B79C-F5D50EF2F872}.Debug|Linux.ActiveCfg = Debug|Any CPU
		{D537FCCC-5880-4AD4-B79C-F5D50EF2F872}.Debug|Linux.Build.0 = Debug|Any CPU
		{D537FCCC-5880-4AD4-B79C-F5D50EF2F872}.Debug|Windows10.ActiveCfg = Debug|Any CPU
		{D537FCCC-5880-4AD4-B79C-F5D50EF2F872}.Debug|Windows10.Build.0 = Debug|Any CPU
		{D537FCCC-5880-4AD4-B79C-F5D50EF2F872}.Debug|WindowsPhone.ActiveCfg = Debug|Any CPU
		{D537FCCC-5880-4AD4-B79C-F5D50EF2F872}.Debug|WindowsPhone.Build.0 = Debug|Any CPU
		{D537FCCC-5880-4AD4-B79C-F5D50EF2F872}.Debug|WindowsStore.ActiveCfg = Debug|Any CPU
		{D537FCCC-5880-4AD4-B79C-F5D50EF2F872}.Debug|WindowsStore.Build.0 = Debug|Any CPU
		{D537FCCC-5880-4AD4-B79C-F5D50EF2F872}.Release|Android.ActiveCfg = Release|Any CPU
		{D537FCCC-5880-4AD4-B79C-F5D50EF2F872}.Release|Android.Build.0 = Release|Any CPU
		{D537FCCC-5880-4AD4-B79C-F5D50EF2F872}.Release|Any CPU.ActiveCfg = Release|Any CPU
		{D537FCCC-5880-4AD4-B79C-F5D50EF2F872}.Release|Any CPU.Build.0 = Release|Any CPU
		{D537FCCC-5880-4AD4-B79C-F5D50EF2F872}.Release|iPhone.ActiveCfg = Release|Any CPU
		{D537FCCC-5880-4AD4-B79C-F5D50EF2F872}.Release|iPhone.Build.0 = Release|Any CPU
		{D537FCCC-5880-4AD4-B79C-F5D50EF2F872}.Release|iPhoneSimulator.ActiveCfg = Release|Any CPU
		{D537FCCC-5880-4AD4-B79C-F5D50EF2F872}.Release|iPhoneSimulator.Build.0 = Release|Any CPU
		{D537FCCC-5880-4AD4-B79C-F5D50EF2F872}.Release|Linux.ActiveCfg = Release|Any CPU
		{D537FCCC-5880-4AD4-B79C-F5D50EF2F872}.Release|Linux.Build.0 = Release|Any CPU
		{D537FCCC-5880-4AD4-B79C-F5D50EF2F872}.Release|Windows10.ActiveCfg = Release|Any CPU
		{D537FCCC-5880-4AD4-B79C-F5D50EF2F872}.Release|Windows10.Build.0 = Release|Any CPU
		{D537FCCC-5880-4AD4-B79C-F5D50EF2F872}.Release|WindowsPhone.ActiveCfg = Release|Any CPU
		{D537FCCC-5880-4AD4-B79C-F5D50EF2F872}.Release|WindowsPhone.Build.0 = Release|Any CPU
		{D537FCCC-5880-4AD4-B79C-F5D50EF2F872}.Release|WindowsStore.ActiveCfg = Release|Any CPU
		{D537FCCC-5880-4AD4-B79C-F5D50EF2F872}.Release|WindowsStore.Build.0 = Release|Any CPU
		{D537FCCC-5880-4AD4-B79C-F5D50EF2F872}.Testing|Android.ActiveCfg = Release|Any CPU
		{D537FCCC-5880-4AD4-B79C-F5D50EF2F872}.Testing|Android.Build.0 = Release|Any CPU
		{D537FCCC-5880-4AD4-B79C-F5D50EF2F872}.Testing|Any CPU.ActiveCfg = Release|Any CPU
		{D537FCCC-5880-4AD4-B79C-F5D50EF2F872}.Testing|Any CPU.Build.0 = Release|Any CPU
		{D537FCCC-5880-4AD4-B79C-F5D50EF2F872}.Testing|iPhone.ActiveCfg = Release|Any CPU
		{D537FCCC-5880-4AD4-B79C-F5D50EF2F872}.Testing|iPhone.Build.0 = Release|Any CPU
		{D537FCCC-5880-4AD4-B79C-F5D50EF2F872}.Testing|iPhoneSimulator.ActiveCfg = Release|Any CPU
		{D537FCCC-5880-4AD4-B79C-F5D50EF2F872}.Testing|iPhoneSimulator.Build.0 = Release|Any CPU
		{D537FCCC-5880-4AD4-B79C-F5D50EF2F872}.Testing|Linux.ActiveCfg = Release|Any CPU
		{D537FCCC-5880-4AD4-B79C-F5D50EF2F872}.Testing|Linux.Build.0 = Release|Any CPU
		{D537FCCC-5880-4AD4-B79C-F5D50EF2F872}.Testing|Windows10.ActiveCfg = Release|Any CPU
		{D537FCCC-5880-4AD4-B79C-F5D50EF2F872}.Testing|Windows10.Build.0 = Release|Any CPU
		{D537FCCC-5880-4AD4-B79C-F5D50EF2F872}.Testing|WindowsPhone.ActiveCfg = Release|Any CPU
		{D537FCCC-5880-4AD4-B79C-F5D50EF2F872}.Testing|WindowsPhone.Build.0 = Release|Any CPU
		{D537FCCC-5880-4AD4-B79C-F5D50EF2F872}.Testing|WindowsStore.ActiveCfg = Release|Any CPU
		{D537FCCC-5880-4AD4-B79C-F5D50EF2F872}.Testing|WindowsStore.Build.0 = Release|Any CPU
	EndGlobalSection
	GlobalSection(SolutionProperties) = preSolution
		HideSolutionNode = FALSE
	EndGlobalSection
EndGlobal
